{
  "name": "ajs_node",
  "version": "1.0.0",
  "lockfileVersion": 1,
  "requires": true,
  "dependencies": {
    "@yushkevich-a-a/ajs": {
      "version": "1.0.0",
      "resolved": "https://npm.pkg.github.com/download/@yushkevich-a-a/ajs/1.0.0/80b2a3dc644666d704bd5b27ea113fe348200c739dad6a8be2c922fa8dd90407",
      "integrity": "sha512-T571GObo2lri+soJ0qAEWbJEf062DWnmRB/BZPoShxb09kw2ahnP+KaoUgSI7Yfg38vJkghqm9tN9lgwJwE28g=="
    }
  }
}
